
Microsoft Visual Studio Solution File, Format Version 10.00
# Visual Studio 2008
Project("{FAE04EC0-301F-11D3-BF4B-00C04F79EFBC}") = "Dijkstra", "Dijkstra\Dijkstra.csproj", "{307EC6FD-8439-4B57-9B56-2D3A0296D356}"
EndProject
Global
	GlobalSection(SolutionConfigurationPlatforms) = preSolution
		Debug|Any CPU = Debug|Any CPU
		Release|Any CPU = Release|Any CPU
	EndGlobalSection
	GlobalSection(ProjectConfigurationPlatforms) = postSolution
		{307EC6FD-8439-4B57-9B56-2D3A0296D356}.Debug|Any CPU.ActiveCfg = Debug|Any CPU
		{307EC6FD-8439-4B57-9B56-2D3A0296D356}.Debug|Any CPU.Build.0 = Debug|Any CPU
		{307EC6FD-8439-4B57-9B56-2D3A0296D356}.Release|Any CPU.ActiveCfg = Release|Any CPU
		{307EC6FD-8439-4B57-9B56-2D3A0296D356}.Release|Any CPU.Build.0 = Release|Any CPU
	EndGlobalSection
	GlobalSection(SolutionProperties) = preSolution
		HideSolutionNode = FALSE
	EndGlobalSection
EndGlobal
